Microsoft Visual Studio Solution File, Format Version 12.00
# Visual Studio 2013
VisualStudioVersion = 12.0.31101.0
MinimumVisualStudioVersion = 10.0.40219.1
Project("{2150E333-8FDC-42A3-9474-1A3956D46DE8}") = "Data", "Data", "{99F7A8CA-DCF3-43E3-87CC-FBF5A141358A}"
EndProject
Project("{2150E333-8FDC-42A3-9474-1A3956D46DE8}") = "Tests", "Tests", "{10299C03-7B57-45DA-AF48-AC9EE0A2F63E}"
EndProject
Project("{2150E333-8FDC-42A3-9474-1A3956D46DE8}") = "Common", "Common", "{5E7B979C-F2ED-4DC2-A13B-C9C3DCB15839}"
EndProject
Project("{FAE04EC0-301F-11D3-BF4B-00C04F79EFBC}") = "LuckyMe.CMS.Data", "LuckyMe.CMS.Data\LuckyMe.CMS.Data.csproj", "{29CDA3D0-3726-4BA6-BBEE-EE3AF47834C0}"
EndProject
Project("{FAE04EC0-301F-11D3-BF4B-00C04F79EFBC}") = "LuckyMe.CMS.WebAPI", "LuckyMe.CMS.WebAPI\LuckyMe.CMS.WebAPI.csproj", "{DECCC525-1A3B-448C-ADD9-63828CCAD4B3}"
EndProject
Project("{FAE04EC0-301F-11D3-BF4B-00C04F79EFBC}") = "LuckyMe.CMS.WebAPI.Tests", "LuckyMe.CMS.WebAPI.Tests\LuckyMe.CMS.WebAPI.Tests.csproj", "{BB30B39C-B8D8-4E16-B71F-F52488A3F47C}"
EndProject
Project("{2150E333-8FDC-42A3-9474-1A3956D46DE8}") = "PublishScripts", "PublishScripts", "{8FDDA53A-65F3-4461-B2A1-22F8A590EAAC}"
	ProjectSection(SolutionItems) = preProject
		PublishScripts\AzureWebsitePublishModule.psm1 = PublishScripts\AzureWebsitePublishModule.psm1
		PublishScripts\Publish-WebApplicationWebsite.ps1 = PublishScripts\Publish-WebApplicationWebsite.ps1
	EndProjectSection
EndProject
Project("{2150E333-8FDC-42A3-9474-1A3956D46DE8}") = "Configurations", "Configurations", "{DFED5FC2-BCDE-4C09-A122-9F4E2FB874D4}"
	ProjectSection(SolutionItems) = preProject
		PublishScripts\Configurations\LuckyMeCMSWeb-WAWS-dev.json = PublishScripts\Configurations\LuckyMeCMSWeb-WAWS-dev.json
		PublishScripts\Configurations\LuckyMeCMSWebAPI-WAWS-dev.json = PublishScripts\Configurations\LuckyMeCMSWebAPI-WAWS-dev.json
	EndProjectSection
EndProject
Project("{2150E333-8FDC-42A3-9474-1A3956D46DE8}") = "Build", "Build", "{D8F780A5-A195-4609-B32A-45A8D9B0502F}"
EndProject
Project("{2150E333-8FDC-42A3-9474-1A3956D46DE8}") = "Web", "Web", "{FEBBC3C0-8B72-49E6-9B67-80007B4CFFD8}"
EndProject
Project("{2150E333-8FDC-42A3-9474-1A3956D46DE8}") = "Service", "Service", "{1D534291-E61B-4546-9E7A-1255A62160C3}"
EndProject
Project("{FAE04EC0-301F-11D3-BF4B-00C04F79EFBC}") = "LuckyMe.CMS.Common", "LuckyMe.CMS.Common\LuckyMe.CMS.Common.csproj", "{ED180087-4DBB-481F-BCB3-9E6F291E2D74}"
EndProject
Project("{FAE04EC0-301F-11D3-BF4B-00C04F79EFBC}") = "LuckyMe.CMS.Data.Tests", "LuckyMe.CMS.Data.Tests\LuckyMe.CMS.Data.Tests.csproj", "{1EDE7A6C-1E6C-4256-875B-2EA41C8C9F93}"
EndProject
Project("{FAE04EC0-301F-11D3-BF4B-00C04F79EFBC}") = "LuckyMe.CMS.Service", "LuckyMe.CMS.Services\LuckyMe.CMS.Service.csproj", "{C07F40C9-0BA8-4182-91AD-9BA740740DA6}"
EndProject
Project("{2150E333-8FDC-42A3-9474-1A3956D46DE8}") = "WebAPI", "WebAPI", "{F51F8C1E-9731-40F0-8255-F0B966E2F840}"
EndProject
Project("{FAE04EC0-301F-11D3-BF4B-00C04F79EFBC}") = "LuckyMe.CMS.Service.Tests", "LuckyMe.CMS.Service.Tests\LuckyMe.CMS.Service.Tests.csproj", "{D149B279-1DE3-4C7C-92D5-F64FE0EAC773}"
EndProject
Project("{FAE04EC0-301F-11D3-BF4B-00C04F79EFBC}") = "LuckyMe.CMS.Web", "LuckyMe.CMS.Web\LuckyMe.CMS.Web.csproj", "{9546EAEA-7988-4AB3-9EE3-2A4BDC90571B}"
EndProject
Project("{FAE04EC0-301F-11D3-BF4B-00C04F79EFBC}") = "LuckyMe.CMS.Web.Tests", "LuckyMe.CMS.Web.Tests\LuckyMe.CMS.Web.Tests.csproj", "{A31CE204-FF15-463A-84A9-C699DFE30265}"
EndProject
Project("{2150E333-8FDC-42A3-9474-1A3956D46DE8}") = ".nuget", ".nuget", "{17A448C1-496B-4A22-843F-8827CFE979E3}"
	ProjectSection(SolutionItems) = preProject
		.nuget\NuGet.Config = .nuget\NuGet.Config
		.nuget\NuGet.exe = .nuget\NuGet.exe
		.nuget\NuGet.targets = .nuget\NuGet.targets
	EndProjectSection
EndProject
Global
	GlobalSection(SolutionConfigurationPlatforms) = preSolution
		Debug|Any CPU = Debug|Any CPU
		Debug|ARM = Debug|ARM
		Debug|x64 = Debug|x64
		Debug|x86 = Debug|x86
		Release|Any CPU = Release|Any CPU
		Release|ARM = Release|ARM
		Release|x64 = Release|x64
		Release|x86 = Release|x86
	EndGlobalSection
	GlobalSection(ProjectConfigurationPlatforms) = postSolution
		{29CDA3D0-3726-4BA6-BBEE-EE3AF47834C0}.Debug|Any CPU.ActiveCfg = Debug|Any CPU
		{29CDA3D0-3726-4BA6-BBEE-EE3AF47834C0}.Debug|Any CPU.Build.0 = Debug|Any CPU
		{29CDA3D0-3726-4BA6-BBEE-EE3AF47834C0}.Debug|ARM.ActiveCfg = Debug|Any CPU
		{29CDA3D0-3726-4BA6-BBEE-EE3AF47834C0}.Debug|x64.ActiveCfg = Debug|Any CPU
		{29CDA3D0-3726-4BA6-BBEE-EE3AF47834C0}.Debug|x86.ActiveCfg = Debug|Any CPU
		{29CDA3D0-3726-4BA6-BBEE-EE3AF47834C0}.Release|Any CPU.ActiveCfg = Release|Any CPU
		{29CDA3D0-3726-4BA6-BBEE-EE3AF47834C0}.Release|Any CPU.Build.0 = Release|Any CPU
		{29CDA3D0-3726-4BA6-BBEE-EE3AF47834C0}.Release|ARM.ActiveCfg = Release|Any CPU
		{29CDA3D0-3726-4BA6-BBEE-EE3AF47834C0}.Release|x64.ActiveCfg = Release|Any CPU
		{29CDA3D0-3726-4BA6-BBEE-EE3AF47834C0}.Release|x86.ActiveCfg = Release|Any CPU
		{DECCC525-1A3B-448C-ADD9-63828CCAD4B3}.Debug|Any CPU.ActiveCfg = Debug|Any CPU
		{DECCC525-1A3B-448C-ADD9-63828CCAD4B3}.Debug|Any CPU.Build.0 = Debug|Any CPU
		{DECCC525-1A3B-448C-ADD9-63828CCAD4B3}.Debug|ARM.ActiveCfg = Debug|Any CPU
		{DECCC525-1A3B-448C-ADD9-63828CCAD4B3}.Debug|x64.ActiveCfg = Debug|Any CPU
		{DECCC525-1A3B-448C-ADD9-63828CCAD4B3}.Debug|x86.ActiveCfg = Debug|Any CPU
		{DECCC525-1A3B-448C-ADD9-63828CCAD4B3}.Release|Any CPU.ActiveCfg = Release|Any CPU
		{DECCC525-1A3B-448C-ADD9-63828CCAD4B3}.Release|Any CPU.Build.0 = Release|Any CPU
		{DECCC525-1A3B-448C-ADD9-63828CCAD4B3}.Release|ARM.ActiveCfg = Release|Any CPU
		{DECCC525-1A3B-448C-ADD9-63828CCAD4B3}.Release|x64.ActiveCfg = Release|Any CPU
		{DECCC525-1A3B-448C-ADD9-63828CCAD4B3}.Release|x86.ActiveCfg = Release|Any CPU
		{BB30B39C-B8D8-4E16-B71F-F52488A3F47C}.Debug|Any CPU.ActiveCfg = Debug|Any CPU
		{BB30B39C-B8D8-4E16-B71F-F52488A3F47C}.Debug|Any CPU.Build.0 = Debug|Any CPU
		{BB30B39C-B8D8-4E16-B71F-F52488A3F47C}.Debug|ARM.ActiveCfg = Debug|Any CPU
		{BB30B39C-B8D8-4E16-B71F-F52488A3F47C}.Debug|x64.ActiveCfg = Debug|Any CPU
		{BB30B39C-B8D8-4E16-B71F-F52488A3F47C}.Debug|x86.ActiveCfg = Debug|Any CPU
		{BB30B39C-B8D8-4E16-B71F-F52488A3F47C}.Release|Any CPU.ActiveCfg = Release|Any CPU
		{BB30B39C-B8D8-4E16-B71F-F52488A3F47C}.Release|Any CPU.Build.0 = Release|Any CPU
		{BB30B39C-B8D8-4E16-B71F-F52488A3F47C}.Release|ARM.ActiveCfg = Release|Any CPU
		{BB30B39C-B8D8-4E16-B71F-F52488A3F47C}.Release|x64.ActiveCfg = Release|Any CPU
		{BB30B39C-B8D8-4E16-B71F-F52488A3F47C}.Release|x86.ActiveCfg = Release|Any CPU
		{ED180087-4DBB-481F-BCB3-9E6F291E2D74}.Debug|Any CPU.ActiveCfg = Debug|Any CPU
		{ED180087-4DBB-481F-BCB3-9E6F291E2D74}.Debug|Any CPU.Build.0 = Debug|Any CPU
		{ED180087-4DBB-481F-BCB3-9E6F291E2D74}.Debug|ARM.ActiveCfg = Debug|Any CPU
		{ED180087-4DBB-481F-BCB3-9E6F291E2D74}.Debug|x64.ActiveCfg = Debug|Any CPU
		{ED180087-4DBB-481F-BCB3-9E6F291E2D74}.Debug|x86.ActiveCfg = Debug|Any CPU
		{ED180087-4DBB-481F-BCB3-9E6F291E2D74}.Release|Any CPU.ActiveCfg = Release|Any CPU
		{ED180087-4DBB-481F-BCB3-9E6F291E2D74}.Release|Any CPU.Build.0 = Release|Any CPU
		{ED180087-4DBB-481F-BCB3-9E6F291E2D74}.Release|ARM.ActiveCfg = Release|Any CPU
		{ED180087-4DBB-481F-BCB3-9E6F291E2D74}.Release|x64.ActiveCfg = Release|Any CPU
		{ED180087-4DBB-481F-BCB3-9E6F291E2D74}.Release|x86.ActiveCfg = Release|Any CPU
		{1EDE7A6C-1E6C-4256-875B-2EA41C8C9F93}.Debug|Any CPU.ActiveCfg = Debug|Any CPU
		{1EDE7A6C-1E6C-4256-875B-2EA41C8C9F93}.Debug|Any CPU.Build.0 = Debug|Any CPU
		{1EDE7A6C-1E6C-4256-875B-2EA41C8C9F93}.Debug|ARM.ActiveCfg = Debug|Any CPU
		{1EDE7A6C-1E6C-4256-875B-2EA41C8C9F93}.Debug|x64.ActiveCfg = Debug|Any CPU
		{1EDE7A6C-1E6C-4256-875B-2EA41C8C9F93}.Debug|x86.ActiveCfg = Debug|Any CPU
		{1EDE7A6C-1E6C-4256-875B-2EA41C8C9F93}.Release|Any CPU.ActiveCfg = Release|Any CPU
		{1EDE7A6C-1E6C-4256-875B-2EA41C8C9F93}.Release|Any CPU.Build.0 = Release|Any CPU
		{1EDE7A6C-1E6C-4256-875B-2EA41C8C9F93}.Release|ARM.ActiveCfg = Release|Any CPU
		{1EDE7A6C-1E6C-4256-875B-2EA41C8C9F93}.Release|x64.ActiveCfg = Release|Any CPU
		{1EDE7A6C-1E6C-4256-875B-2EA41C8C9F93}.Release|x86.ActiveCfg = Release|Any CPU
		{C07F40C9-0BA8-4182-91AD-9BA740740DA6}.Debug|Any CPU.ActiveCfg = Debug|Any CPU
		{C07F40C9-0BA8-4182-91AD-9BA740740DA6}.Debug|Any CPU.Build.0 = Debug|Any CPU
		{C07F40C9-0BA8-4182-91AD-9BA740740DA6}.Debug|ARM.ActiveCfg = Debug|Any CPU
		{C07F40C9-0BA8-4182-91AD-9BA740740DA6}.Debug|x64.ActiveCfg = Debug|Any CPU
		{C07F40C9-0BA8-4182-91AD-9BA740740DA6}.Debug|x86.ActiveCfg = Debug|Any CPU
		{C07F40C9-0BA8-4182-91AD-9BA740740DA6}.Release|Any CPU.ActiveCfg = Release|Any CPU
		{C07F40C9-0BA8-4182-91AD-9BA740740DA6}.Release|Any CPU.Build.0 = Release|Any CPU
		{C07F40C9-0BA8-4182-91AD-9BA740740DA6}.Release|ARM.ActiveCfg = Release|Any CPU
		{C07F40C9-0BA8-4182-91AD-9BA740740DA6}.Release|x64.ActiveCfg = Release|Any CPU
		{C07F40C9-0BA8-4182-91AD-9BA740740DA6}.Release|x86.ActiveCfg = Release|Any CPU
		{D149B279-1DE3-4C7C-92D5-F64FE0EAC773}.Debug|Any CPU.ActiveCfg = Debug|Any CPU
		{D149B279-1DE3-4C7C-92D5-F64FE0EAC773}.Debug|Any CPU.Build.0 = Debug|Any CPU
		{D149B279-1DE3-4C7C-92D5-F64FE0EAC773}.Debug|ARM.ActiveCfg = Debug|Any CPU
		{D149B279-1DE3-4C7C-92D5-F64FE0EAC773}.Debug|x64.ActiveCfg = Debug|Any CPU
		{D149B279-1DE3-4C7C-92D5-F64FE0EAC773}.Debug|x86.ActiveCfg = Debug|Any CPU
		{D149B279-1DE3-4C7C-92D5-F64FE0EAC773}.Release|Any CPU.ActiveCfg = Release|Any CPU
		{D149B279-1DE3-4C7C-92D5-F64FE0EAC773}.Release|Any CPU.Build.0 = Release|Any CPU
		{D149B279-1DE3-4C7C-92D5-F64FE0EAC773}.Release|ARM.ActiveCfg = Release|Any CPU
		{D149B279-1DE3-4C7C-92D5-F64FE0EAC773}.Release|x64.ActiveCfg = Release|Any CPU
		{D149B279-1DE3-4C7C-92D5-F64FE0EAC773}.Release|x86.ActiveCfg = Release|Any CPU
		{9546EAEA-7988-4AB3-9EE3-2A4BDC90571B}.Debug|Any CPU.ActiveCfg = Debug|Any CPU
		{9546EAEA-7988-4AB3-9EE3-2A4BDC90571B}.Debug|Any CPU.Build.0 = Debug|Any CPU
		{9546EAEA-7988-4AB3-9EE3-2A4BDC90571B}.Debug|ARM.ActiveCfg = Debug|Any CPU
		{9546EAEA-7988-4AB3-9EE3-2A4BDC90571B}.Debug|x64.ActiveCfg = Debug|Any CPU
		{9546EAEA-7988-4AB3-9EE3-2A4BDC90571B}.Debug|x86.ActiveCfg = Debug|Any CPU
		{9546EAEA-7988-4AB3-9EE3-2A4BDC90571B}.Release|Any CPU.ActiveCfg = Release|Any CPU
		{9546EAEA-7988-4AB3-9EE3-2A4BDC90571B}.Release|Any CPU.Build.0 = Release|Any CPU
		{9546EAEA-7988-4AB3-9EE3-2A4BDC90571B}.Release|ARM.ActiveCfg = Release|Any CPU
		{9546EAEA-7988-4AB3-9EE3-2A4BDC90571B}.Release|x64.ActiveCfg = Release|Any CPU
		{9546EAEA-7988-4AB3-9EE3-2A4BDC90571B}.Release|x86.ActiveCfg = Release|Any CPU
		{A31CE204-FF15-463A-84A9-C699DFE30265}.Debug|Any CPU.ActiveCfg = Debug|Any CPU
		{A31CE204-FF15-463A-84A9-C699DFE30265}.Debug|Any CPU.Build.0 = Debug|Any CPU
		{A31CE204-FF15-463A-84A9-C699DFE30265}.Debug|ARM.ActiveCfg = Debug|Any CPU
		{A31CE204-FF15-463A-84A9-C699DFE30265}.Debug|x64.ActiveCfg = Debug|Any CPU
		{A31CE204-FF15-463A-84A9-C699DFE30265}.Debug|x86.ActiveCfg = Debug|Any CPU
		{A31CE204-FF15-463A-84A9-C699DFE30265}.Release|Any CPU.ActiveCfg = Release|Any CPU
		{A31CE204-FF15-463A-84A9-C699DFE30265}.Release|Any CPU.Build.0 = Release|Any CPU
		{A31CE204-FF15-463A-84A9-C699DFE30265}.Release|ARM.ActiveCfg = Release|Any CPU
		{A31CE204-FF15-463A-84A9-C699DFE30265}.Release|x64.ActiveCfg = Release|Any CPU
		{A31CE204-FF15-463A-84A9-C699DFE30265}.Release|x86.ActiveCfg = Release|Any CPU
	EndGlobalSection
	GlobalSection(SolutionProperties) = preSolution
		HideSolutionNode = FALSE
	EndGlobalSection
	GlobalSection(NestedProjects) = preSolution
		{10299C03-7B57-45DA-AF48-AC9EE0A2F63E} = {D8F780A5-A195-4609-B32A-45A8D9B0502F}
		{29CDA3D0-3726-4BA6-BBEE-EE3AF47834C0} = {99F7A8CA-DCF3-43E3-87CC-FBF5A141358A}
		{DECCC525-1A3B-448C-ADD9-63828CCAD4B3} = {F51F8C1E-9731-40F0-8255-F0B966E2F840}
		{BB30B39C-B8D8-4E16-B71F-F52488A3F47C} = {10299C03-7B57-45DA-AF48-AC9EE0A2F63E}
		{8FDDA53A-65F3-4461-B2A1-22F8A590EAAC} = {17A448C1-496B-4A22-843F-8827CFE979E3}
		{DFED5FC2-BCDE-4C09-A122-9F4E2FB874D4} = {8FDDA53A-65F3-4461-B2A1-22F8A590EAAC}
		{ED180087-4DBB-481F-BCB3-9E6F291E2D74} = {5E7B979C-F2ED-4DC2-A13B-C9C3DCB15839}
		{1EDE7A6C-1E6C-4256-875B-2EA41C8C9F93} = {10299C03-7B57-45DA-AF48-AC9EE0A2F63E}
		{C07F40C9-0BA8-4182-91AD-9BA740740DA6} = {1D534291-E61B-4546-9E7A-1255A62160C3}
		{D149B279-1DE3-4C7C-92D5-F64FE0EAC773} = {10299C03-7B57-45DA-AF48-AC9EE0A2F63E}
		{9546EAEA-7988-4AB3-9EE3-2A4BDC90571B} = {FEBBC3C0-8B72-49E6-9B67-80007B4CFFD8}
		{A31CE204-FF15-463A-84A9-C699DFE30265} = {10299C03-7B57-45DA-AF48-AC9EE0A2F63E}
		{17A448C1-496B-4A22-843F-8827CFE979E3} = {D8F780A5-A195-4609-B32A-45A8D9B0502F}
	EndGlobalSection
EndGlobal
